
Microsoft Visual Studio Solution File, Format Version 12.00
# Visual Studio Version 17
VisualStudioVersion = 17.5.33424.131
MinimumVisualStudioVersion = 10.0.40219.1
Project("{9A19103F-16F7-4668-BE54-9A1E7A4F7556}") = "NPCMapMarker", "NPCMapMarker.csproj", "{93BACF27-70E1-4CB1-A96B-57C7382F9F24}"
EndProject
Global
	GlobalSection(SolutionConfigurationPlatforms) = preSolution
		Debug|Any CPU = Debug|Any CPU
		Release|Any CPU = Release|Any CPU
	EndGlobalSection
	GlobalSection(ProjectConfigurationPlatforms) = postSolution
		{93BACF27-70E1-4CB1-A96B-57C7382F9F24}.Debug|Any CPU.ActiveCfg = Debug|Any CPU
		{93BACF27-70E1-4CB1-A96B-57C7382F9F24}.Debug|Any CPU.Build.0 = Debug|Any CPU
		{93BACF27-70E1-4CB1-A96B-57C7382F9F24}.Release|Any CPU.ActiveCfg = Release|Any CPU
		{93BACF27-70E1-4CB1-A96B-57C7382F9F24}.Release|Any CPU.Build.0 = Release|Any CPU
	EndGlobalSection
	GlobalSection(SolutionProperties) = preSolution
		HideSolutionNode = FALSE
	EndGlobalSection
	GlobalSection(ExtensibilityGlobals) = postSolution
		SolutionGuid = {1815D05B-FCCB-4E13-A13C-9E9080F81065}
	EndGlobalSection
EndGlobal
